
Microsoft Visual Studio Solution File, Format Version 12.00
# Visual Studio 15
VisualStudioVersion = 15.0.26124.0
MinimumVisualStudioVersion = 15.0.26124.0
Project("{F2A71F9B-5D33-465A-A702-920D77279786}") = "BrazilianUtils", "BrazilianUtils\BrazilianUtils.fsproj", "{6E0DE6FB-37C7-41A2-AC01-B8E00F47EE12}"
EndProject
Project("{F2A71F9B-5D33-465A-A702-920D77279786}") = "BrazilianUtils.Tests", "BrazilianUtils.Tests\BrazilianUtils.Tests.fsproj", "{8507B112-3B30-43C5-87CC-66FF77BA8DDD}"
EndProject
Global
	GlobalSection(SolutionConfigurationPlatforms) = preSolution
		Debug|Any CPU = Debug|Any CPU
		Debug|x64 = Debug|x64
		Debug|x86 = Debug|x86
		Release|Any CPU = Release|Any CPU
		Release|x64 = Release|x64
		Release|x86 = Release|x86
	EndGlobalSection
	GlobalSection(SolutionProperties) = preSolution
		HideSolutionNode = FALSE
	EndGlobalSection
	GlobalSection(ProjectConfigurationPlatforms) = postSolution
		{6E0DE6FB-37C7-41A2-AC01-B8E00F47EE12}.Debug|Any CPU.ActiveCfg = Debug|Any CPU
		{6E0DE6FB-37C7-41A2-AC01-B8E00F47EE12}.Debug|Any CPU.Build.0 = Debug|Any CPU
		{6E0DE6FB-37C7-41A2-AC01-B8E00F47EE12}.Debug|x64.ActiveCfg = Debug|Any CPU
		{6E0DE6FB-37C7-41A2-AC01-B8E00F47EE12}.Debug|x64.Build.0 = Debug|Any CPU
		{6E0DE6FB-37C7-41A2-AC01-B8E00F47EE12}.Debug|x86.ActiveCfg = Debug|Any CPU
		{6E0DE6FB-37C7-41A2-AC01-B8E00F47EE12}.Debug|x86.Build.0 = Debug|Any CPU
		{6E0DE6FB-37C7-41A2-AC01-B8E00F47EE12}.Release|Any CPU.ActiveCfg = Release|Any CPU
		{6E0DE6FB-37C7-41A2-AC01-B8E00F47EE12}.Release|Any CPU.Build.0 = Release|Any CPU
		{6E0DE6FB-37C7-41A2-AC01-B8E00F47EE12}.Release|x64.ActiveCfg = Release|Any CPU
		{6E0DE6FB-37C7-41A2-AC01-B8E00F47EE12}.Release|x64.Build.0 = Release|Any CPU
		{6E0DE6FB-37C7-41A2-AC01-B8E00F47EE12}.Release|x86.ActiveCfg = Release|Any CPU
		{6E0DE6FB-37C7-41A2-AC01-B8E00F47EE12}.Release|x86.Build.0 = Release|Any CPU
		{8507B112-3B30-43C5-87CC-66FF77BA8DDD}.Debug|Any CPU.ActiveCfg = Debug|Any CPU
		{8507B112-3B30-43C5-87CC-66FF77BA8DDD}.Debug|Any CPU.Build.0 = Debug|Any CPU
		{8507B112-3B30-43C5-87CC-66FF77BA8DDD}.Debug|x64.ActiveCfg = Debug|Any CPU
		{8507B112-3B30-43C5-87CC-66FF77BA8DDD}.Debug|x64.Build.0 = Debug|Any CPU
		{8507B112-3B30-43C5-87CC-66FF77BA8DDD}.Debug|x86.ActiveCfg = Debug|Any CPU
		{8507B112-3B30-43C5-87CC-66FF77BA8DDD}.Debug|x86.Build.0 = Debug|Any CPU
		{8507B112-3B30-43C5-87CC-66FF77BA8DDD}.Release|Any CPU.ActiveCfg = Release|Any CPU
		{8507B112-3B30-43C5-87CC-66FF77BA8DDD}.Release|Any CPU.Build.0 = Release|Any CPU
		{8507B112-3B30-43C5-87CC-66FF77BA8DDD}.Release|x64.ActiveCfg = Release|Any CPU
		{8507B112-3B30-43C5-87CC-66FF77BA8DDD}.Release|x64.Build.0 = Release|Any CPU
		{8507B112-3B30-43C5-87CC-66FF77BA8DDD}.Release|x86.ActiveCfg = Release|Any CPU
		{8507B112-3B30-43C5-87CC-66FF77BA8DDD}.Release|x86.Build.0 = Release|Any CPU
	EndGlobalSection
EndGlobal
